// !$*UTF8*$!
{
	archiveVersion = 1;
	classes = {
	};
	objectVersion = 55;
	objects = {

/* Begin PBXBuildFile section */
		126053B32890446900C27B79 /* ChartDataStorage.swift in Sources */ = {isa = PBXBuildFile; fileRef = 126053B22890446900C27B79 /* ChartDataStorage.swift */; };
		126DD985288E9EE30004D7A6 /* ChartPlaygroundApp.swift in Sources */ = {isa = PBXBuildFile; fileRef = 126DD984288E9EE30004D7A6 /* ChartPlaygroundApp.swift */; };
		126DD987288E9EE30004D7A6 /* ContentView.swift in Sources */ = {isa = PBXBuildFile; fileRef = 126DD986288E9EE30004D7A6 /* ContentView.swift */; };
		126DD989288E9EE50004D7A6 /* Assets.xcassets in Resources */ = {isa = PBXBuildFile; fileRef = 126DD988288E9EE50004D7A6 /* Assets.xcassets */; };
		126DD98C288E9EE50004D7A6 /* Preview Assets.xcassets in Resources */ = {isa = PBXBuildFile; fileRef = 126DD98B288E9EE50004D7A6 /* Preview Assets.xcassets */; };
		126DD993288E9EF90004D7A6 /* BarShape.swift in Sources */ = {isa = PBXBuildFile; fileRef = 126DD992288E9EF90004D7A6 /* BarShape.swift */; };
		126DD995288E9F330004D7A6 /* AxisShape.swift in Sources */ = {isa = PBXBuildFile; fileRef = 126DD994288E9F330004D7A6 /* AxisShape.swift */; };
		126DD997288ED1040004D7A6 /* Main.swift in Sources */ = {isa = PBXBuildFile; fileRef = 126DD996288ED1040004D7A6 /* Main.swift */; };
		126DD999289004490004D7A6 /* BarUnitView.swift in Sources */ = {isa = PBXBuildFile; fileRef = 126DD998289004490004D7A6 /* BarUnitView.swift */; };
		128EA59128905BAB006D4A70 /* ChartPlaygroundTests.swift in Sources */ = {isa = PBXBuildFile; fileRef = 128EA59028905BAB006D4A70 /* ChartPlaygroundTests.swift */; };
/* End PBXBuildFile section */

/* Begin PBXContainerItemProxy section */
		128EA59228905BAB006D4A70 /* PBXContainerItemProxy */ = {
			isa = PBXContainerItemProxy;
			containerPortal = 126DD979288E9EE30004D7A6 /* Project object */;
			proxyType = 1;
			remoteGlobalIDString = 126DD980288E9EE30004D7A6;
			remoteInfo = ChartPlayground;
		};
/* End PBXContainerItemProxy section */

/* Begin PBXFileReference section */
		126053B22890446900C27B79 /* ChartDataStorage.swift */ = {isa = PBXFileReference; lastKnownFileType = sourcecode.swift; path = ChartDataStorage.swift; sourceTree = "<group>"; };
		126DD981288E9EE30004D7A6 /* ChartPlayground.app */ = {isa = PBXFileReference; explicitFileType = wrapper.application; includeInIndex = 0; path = ChartPlayground.app; sourceTree = BUILT_PRODUCTS_DIR; };
		126DD984288E9EE30004D7A6 /* ChartPlaygroundApp.swift */ = {isa = PBXFileReference; lastKnownFileType = sourcecode.swift; path = ChartPlaygroundApp.swift; sourceTree = "<group>"; };
		126DD986288E9EE30004D7A6 /* ContentView.swift */ = {isa = PBXFileReference; lastKnownFileType = sourcecode.swift; path = ContentView.swift; sourceTree = "<group>"; };
		126DD988288E9EE50004D7A6 /* Assets.xcassets */ = {isa = PBXFileReference; lastKnownFileType = folder.assetcatalog; path = Assets.xcassets; sourceTree = "<group>"; };
		126DD98B288E9EE50004D7A6 /* Preview Assets.xcassets */ = {isa = PBXFileReference; lastKnownFileType = folder.assetcatalog; path = "Preview Assets.xcassets"; sourceTree = "<group>"; };
		126DD992288E9EF90004D7A6 /* BarShape.swift */ = {isa = PBXFileReference; lastKnownFileType = sourcecode.swift; path = BarShape.swift; sourceTree = "<group>"; };
		126DD994288E9F330004D7A6 /* AxisShape.swift */ = {isa = PBXFileReference; lastKnownFileType = sourcecode.swift; path = AxisShape.swift; sourceTree = "<group>"; };
		126DD996288ED1040004D7A6 /* Main.swift */ = {isa = PBXFileReference; lastKnownFileType = sourcecode.swift; path = Main.swift; sourceTree = "<group>"; };
		126DD998289004490004D7A6 /* BarUnitView.swift */ = {isa = PBXFileReference; lastKnownFileType = sourcecode.swift; path = BarUnitView.swift; sourceTree = "<group>"; };
		128EA58E28905BAB006D4A70 /* ChartPlaygroundTests.xctest */ = {isa = PBXFileReference; explicitFileType = wrapper.cfbundle; includeInIndex = 0; path = ChartPlaygroundTests.xctest; sourceTree = BUILT_PRODUCTS_DIR; };
		128EA59028905BAB006D4A70 /* ChartPlaygroundTests.swift */ = {isa = PBXFileReference; lastKnownFileType = sourcecode.swift; path = ChartPlaygroundTests.swift; sourceTree = "<group>"; };
/* End PBXFileReference section */

/* Begin PBXFrameworksBuildPhase section */
		126DD97E288E9EE30004D7A6 /* Frameworks */ = {
			isa = PBXFrameworksBuildPhase;
			buildActionMask = 2147483647;
			files = (
			);
			runOnlyForDeploymentPostprocessing = 0;
		};
		128EA58B28905BAB006D4A70 /* Frameworks */ = {
			isa = PBXFrameworksBuildPhase;
			buildActionMask = 2147483647;
			files = (
			);
			runOnlyForDeploymentPostprocessing = 0;
		};
/* End PBXFrameworksBuildPhase section */

/* Begin PBXGroup section */
		126DD978288E9EE30004D7A6 = {
			isa = PBXGroup;
			children = (
				126DD983288E9EE30004D7A6 /* ChartPlayground */,
				128EA58F28905BAB006D4A70 /* ChartPlaygroundTests */,
				126DD982288E9EE30004D7A6 /* Products */,
			);
			sourceTree = "<group>";
		};
		126DD982288E9EE30004D7A6 /* Products */ = {
			isa = PBXGroup;
			children = (
				126DD981288E9EE30004D7A6 /* ChartPlayground.app */,
				128EA58E28905BAB006D4A70 /* ChartPlaygroundTests.xctest */,
			);
			name = Products;
			sourceTree = "<group>";
		};
		126DD983288E9EE30004D7A6 /* ChartPlayground */ = {
			isa = PBXGroup;
			children = (
				126DD984288E9EE30004D7A6 /* ChartPlaygroundApp.swift */,
				126DD996288ED1040004D7A6 /* Main.swift */,
				126DD986288E9EE30004D7A6 /* ContentView.swift */,
				126DD99A2890338C0004D7A6 /* BarViewShape */,
				126DD994288E9F330004D7A6 /* AxisShape.swift */,
				126053B22890446900C27B79 /* ChartDataStorage.swift */,
				126DD988288E9EE50004D7A6 /* Assets.xcassets */,
				126DD98A288E9EE50004D7A6 /* Preview Content */,
			);
			path = ChartPlayground;
			sourceTree = "<group>";
		};
		126DD98A288E9EE50004D7A6 /* Preview Content */ = {
			isa = PBXGroup;
			children = (
				126DD98B288E9EE50004D7A6 /* Preview Assets.xcassets */,
			);
			path = "Preview Content";
			sourceTree = "<group>";
		};
		126DD99A2890338C0004D7A6 /* BarViewShape */ = {
			isa = PBXGroup;
			children = (
				126DD992288E9EF90004D7A6 /* BarShape.swift */,
				126DD998289004490004D7A6 /* BarUnitView.swift */,
			);
			path = BarViewShape;
			sourceTree = "<group>";
		};
		128EA58F28905BAB006D4A70 /* ChartPlaygroundTests */ = {
			isa = PBXGroup;
			children = (
				128EA59028905BAB006D4A70 /* ChartPlaygroundTests.swift */,
			);
			path = ChartPlaygroundTests;
			sourceTree = "<group>";
		};
/* End PBXGroup section */

/* Begin PBXNativeTarget section */
		126DD980288E9EE30004D7A6 /* ChartPlayground */ = {
			isa = PBXNativeTarget;
			buildConfigurationList = 126DD98F288E9EE50004D7A6 /* Build configuration list for PBXNativeTarget "ChartPlayground" */;
			buildPhases = (
				126DD97D288E9EE30004D7A6 /* Sources */,
				126DD97E288E9EE30004D7A6 /* Frameworks */,
				126DD97F288E9EE30004D7A6 /* Resources */,
			);
			buildRules = (
			);
			dependencies = (
			);
			name = ChartPlayground;
			productName = ChartPlayground;
			productReference = 126DD981288E9EE30004D7A6 /* ChartPlayground.app */;
			productType = "com.apple.product-type.application";
		};
		128EA58D28905BAB006D4A70 /* ChartPlaygroundTests */ = {
			isa = PBXNativeTarget;
			buildConfigurationList = 128EA59628905BAB006D4A70 /* Build configuration list for PBXNativeTarget "ChartPlaygroundTests" */;
			buildPhases = (
				128EA58A28905BAB006D4A70 /* Sources */,
				128EA58B28905BAB006D4A70 /* Frameworks */,
				128EA58C28905BAB006D4A70 /* Resources */,
			);
			buildRules = (
			);
			dependencies = (
				128EA59328905BAB006D4A70 /* PBXTargetDependency */,
			);
			name = ChartPlaygroundTests;
			productName = ChartPlaygroundTests;
			productReference = 128EA58E28905BAB006D4A70 /* ChartPlaygroundTests.xctest */;
			productType = "com.apple.product-type.bundle.unit-test";
		};
/* End PBXNativeTarget section */

/* Begin PBXProject section */
		126DD979288E9EE30004D7A6 /* Project object */ = {
			isa = PBXProject;
			attributes = {
				BuildIndependentTargetsInParallel = 1;
				LastSwiftUpdateCheck = 1340;
				LastUpgradeCheck = 1340;
				TargetAttributes = {
					126DD980288E9EE30004D7A6 = {
						CreatedOnToolsVersion = 13.4.1;
					};
					128EA58D28905BAB006D4A70 = {
						CreatedOnToolsVersion = 13.4.1;
						TestTargetID = 126DD980288E9EE30004D7A6;
					};
				};
			};
			buildConfigurationList = 126DD97C288E9EE30004D7A6 /* Build configuration list for PBXProject "ChartPlayground" */;
			compatibilityVersion = "Xcode 13.0";
			developmentRegion = en;
			hasScannedForEncodings = 0;
			knownRegions = (
				en,
				Base,
			);
			mainGroup = 126DD978288E9EE30004D7A6;
			productRefGroup = 126DD982288E9EE30004D7A6 /* Products */;
			projectDirPath = "";
			projectRoot = "";
			targets = (
				126DD980288E9EE30004D7A6 /* ChartPlayground */,
				128EA58D28905BAB006D4A70 /* ChartPlaygroundTests */,
			);
		};
/* End PBXProject section */

/* Begin PBXResourcesBuildPhase section */
		126DD97F288E9EE30004D7A6 /* Resources */ = {
			isa = PBXResourcesBuildPhase;
			buildActionMask = 2147483647;
			files = (
				126DD98C288E9EE50004D7A6 /* Preview Assets.xcassets in Resources */,
				126DD989288E9EE50004D7A6 /* Assets.xcassets in Resources */,
			);
			runOnlyForDeploymentPostprocessing = 0;
		};
		128EA58C28905BAB006D4A70 /* Resources */ = {
			isa = PBXResourcesBuildPhase;
			buildActionMask = 2147483647;
			files = (
			);
			runOnlyForDeploymentPostprocessing = 0;
		};
/* End PBXResourcesBuildPhase section */

/* Begin PBXSourcesBuildPhase section */
		126DD97D288E9EE30004D7A6 /* Sources */ = {
			isa = PBXSourcesBuildPhase;
			buildActionMask = 2147483647;
			files = (
				126DD997288ED1040004D7A6 /* Main.swift in Sources */,
				126DD995288E9F330004D7A6 /* AxisShape.swift in Sources */,
				126053B32890446900C27B79 /* ChartDataStorage.swift in Sources */,
				126DD987288E9EE30004D7A6 /* ContentView.swift in Sources */,
				126DD985288E9EE30004D7A6 /* ChartPlaygroundApp.swift in Sources */,
				126DD999289004490004D7A6 /* BarUnitView.swift in Sources */,
				126DD993288E9EF90004D7A6 /* BarShape.swift in Sources */,
			);
			runOnlyForDeploymentPostprocessing = 0;
		};
		128EA58A28905BAB006D4A70 /* Sources */ = {
			isa = PBXSourcesBuildPhase;
			buildActionMask = 2147483647;
			files = (
				128EA59128905BAB006D4A70 /* ChartPlaygroundTests.swift in Sources */,
			);
			runOnlyForDeploymentPostprocessing = 0;
		};
/* End PBXSourcesBuildPhase section */

/* Begin PBXTargetDependency section */
		128EA59328905BAB006D4A70 /* PBXTargetDependency */ = {
			isa = PBXTargetDependency;
			target = 126DD980288E9EE30004D7A6 /* ChartPlayground */;
			targetProxy = 128EA59228905BAB006D4A70 /* PBXContainerItemProxy */;
		};
/* End PBXTargetDependency section */

/* Begin XCBuildConfiguration section */
		126DD98D288E9EE50004D7A6 /* Debug */ = {
			isa = XCBuildConfiguration;
			buildSettings = {
				ALWAYS_SEARCH_USER_PATHS = NO;
				CLANG_ANALYZER_NONNULL = YES;
				CLANG_ANALYZER_NUMBER_OBJECT_CONVERSION = YES_AGGRESSIVE;
				CLANG_CXX_LANGUAGE_STANDARD = "gnu++17";
				CLANG_ENABLE_MODULES = YES;
				CLANG_ENABLE_OBJC_ARC = YES;
				CLANG_ENABLE_OBJC_WEAK = YES;
				CLANG_WARN_BLOCK_CAPTURE_AUTORELEASING = YES;
				CLANG_WARN_BOOL_CONVERSION = YES;
				CLANG_WARN_COMMA = YES;
				CLANG_WARN_CONSTANT_CONVERSION = YES;
				CLANG_WARN_DEPRECATED_OBJC_IMPLEMENTATIONS = YES;
				CLANG_WARN_DIRECT_OBJC_ISA_USAGE = YES_ERROR;
				CLANG_WARN_DOCUMENTATION_COMMENTS = YES;
				CLANG_WARN_EMPTY_BODY = YES;
				CLANG_WARN_ENUM_CONVERSION = YES;
				CLANG_WARN_INFINITE_RECURSION = YES;
				CLANG_WARN_INT_CONVERSION = YES;
				CLANG_WARN_NON_LITERAL_NULL_CONVERSION = YES;
				CLANG_WARN_OBJC_IMPLICIT_RETAIN_SELF = YES;
				CLANG_WARN_OBJC_LITERAL_CONVERSION = YES;
				CLANG_WARN_OBJC_ROOT_CLASS = YES_ERROR;
				CLANG_WARN_QUOTED_INCLUDE_IN_FRAMEWORK_HEADER = YES;
				CLANG_WARN_RANGE_LOOP_ANALYSIS = YES;
				CLANG_WARN_STRICT_PROTOTYPES = YES;
				CLANG_WARN_SUSPICIOUS_MOVE = YES;
				CLANG_WARN_UNGUARDED_AVAILABILITY = YES_AGGRESSIVE;
				CLANG_WARN_UNREACHABLE_CODE = YES;
				CLANG_WARN__DUPLICATE_METHOD_MATCH = YES;
				COPY_PHASE_STRIP = NO;
				DEBUG_INFORMATION_FORMAT = dwarf;
				ENABLE_STRICT_OBJC_MSGSEND = YES;
				ENABLE_TESTABILITY = YES;
				ENABLE_TESTING_SEARCH_PATHS = YES;
				GCC_C_LANGUAGE_STANDARD = gnu11;
				GCC_DYNAMIC_NO_PIC = NO;
				GCC_NO_COMMON_BLOCKS = YES;
				GCC_OPTIMIZATION_LEVEL = 0;
				GCC_PREPROCESSOR_DEFINITIONS = (
					"DEBUG=1",
					"$(inherited)",
				);
				GCC_WARN_64_TO_32_BIT_CONVERSION = YES;
				GCC_WARN_ABOUT_RETURN_TYPE = YES_ERROR;
				GCC_WARN_UNDECLARED_SELECTOR = YES;
				GCC_WARN_UNINITIALIZED_AUTOS = YES_AGGRESSIVE;
				GCC_WARN_UNUSED_FUNCTION = YES;
				GCC_WARN_UNUSED_VARIABLE = YES;
				IPHONEOS_DEPLOYMENT_TARGET = 15.5;
				MTL_ENABLE_DEBUG_INFO = INCLUDE_SOURCE;
				MTL_FAST_MATH = YES;
				ONLY_ACTIVE_ARCH = YES;
				SDKROOT = iphoneos;
				SWIFT_ACTIVE_COMPILATION_CONDITIONS = DEBUG;
				SWIFT_OPTIMIZATION_LEVEL = "-Onone";
				VALIDATE_PRODUCT = YES;
			};
			name = Debug;
		};
		126DD98E288E9EE50004D7A6 /* Release */ = {
			isa = XCBuildConfiguration;
			buildSettings = {
				ALWAYS_SEARCH_USER_PATHS = NO;
				CLANG_ANALYZER_NONNULL = YES;
				CLANG_ANALYZER_NUMBER_OBJECT_CONVERSION = YES_AGGRESSIVE;
				CLANG_CXX_LANGUAGE_STANDARD = "gnu++17";
				CLANG_ENABLE_MODULES = YES;
				CLANG_ENABLE_OBJC_ARC = YES;
				CLANG_ENABLE_OBJC_WEAK = YES;
				CLANG_WARN_BLOCK_CAPTURE_AUTORELEASING = YES;
				CLANG_WARN_BOOL_CONVERSION = YES;
				CLANG_WARN_COMMA = YES;
				CLANG_WARN_CONSTANT_CONVERSION = YES;
				CLANG_WARN_DEPRECATED_OBJC_IMPLEMENTATIONS = YES;
				CLANG_WARN_DIRECT_OBJC_ISA_USAGE = YES_ERROR;
				CLANG_WARN_DOCUMENTATION_COMMENTS = YES;
				CLANG_WARN_EMPTY_BODY = YES;
				CLANG_WARN_ENUM_CONVERSION = YES;
				CLANG_WARN_INFINITE_RECURSION = YES;
				CLANG_WARN_INT_CONVERSION = YES;
				CLANG_WARN_NON_LITERAL_NULL_CONVERSION = YES;
				CLANG_WARN_OBJC_IMPLICIT_RETAIN_SELF = YES;
				CLANG_WARN_OBJC_LITERAL_CONVERSION = YES;
				CLANG_WARN_OBJC_ROOT_CLASS = YES_ERROR;
				CLANG_WARN_QUOTED_INCLUDE_IN_FRAMEWORK_HEADER = YES;
				CLANG_WARN_RANGE_LOOP_ANALYSIS = YES;
				CLANG_WARN_STRICT_PROTOTYPES = YES;
				CLANG_WARN_SUSPICIOUS_MOVE = YES;
				CLANG_WARN_UNGUARDED_AVAILABILITY = YES_AGGRESSIVE;
				CLANG_WARN_UNREACHABLE_CODE = YES;
				CLANG_WARN__DUPLICATE_METHOD_MATCH = YES;
				COPY_PHASE_STRIP = NO;
				DEBUG_INFORMATION_FORMAT = "dwarf-with-dsym";
				ENABLE_NS_ASSERTIONS = NO;
				ENABLE_STRICT_OBJC_MSGSEND = YES;
				ENABLE_TESTABILITY = YES;
				ENABLE_TESTING_SEARCH_PATHS = YES;
				GCC_C_LANGUAGE_STANDARD = gnu11;
				GCC_NO_COMMON_BLOCKS = YES;
				GCC_WARN_64_TO_32_BIT_CONVERSION = YES;
				GCC_WARN_ABOUT_RETURN_TYPE = YES_ERROR;
				GCC_WARN_UNDECLARED_SELECTOR = YES;
				GCC_WARN_UNINITIALIZED_AUTOS = YES_AGGRESSIVE;
				GCC_WARN_UNUSED_FUNCTION = YES;
				GCC_WARN_UNUSED_VARIABLE = YES;
				IPHONEOS_DEPLOYMENT_TARGET = 15.5;
				MTL_ENABLE_DEBUG_INFO = NO;
				MTL_FAST_MATH = YES;
				SDKROOT = iphoneos;
				SWIFT_COMPILATION_MODE = wholemodule;
				SWIFT_OPTIMIZATION_LEVEL = "-O";
				VALIDATE_PRODUCT = YES;
			};
			name = Release;
		};
		126DD990288E9EE50004D7A6 /* Debug */ = {
			isa = XCBuildConfiguration;
			buildSettings = {
				ASSETCATALOG_COMPILER_APPICON_NAME = AppIcon;
				ASSETCATALOG_COMPILER_GLOBAL_ACCENT_COLOR_NAME = AccentColor;
				CODE_SIGN_STYLE = Automatic;
				CURRENT_PROJECT_VERSION = 1;
				DEVELOPMENT_ASSET_PATHS = "\"ChartPlayground/Preview Content\"";
				DEVELOPMENT_TEAM = 8KBMC7D4CC;
				ENABLE_PREVIEWS = YES;
				ENABLE_TESTING_SEARCH_PATHS = YES;
				GENERATE_INFOPLIST_FILE = YES;
				INFOPLIST_KEY_UIApplicationSceneManifest_Generation = YES;
				INFOPLIST_KEY_UIApplicationSupportsIndirectInputEvents = YES;
				INFOPLIST_KEY_UILaunchScreen_Generation = YES;
				INFOPLIST_KEY_UISupportedInterfaceOrientations_iPad = "UIInterfaceOrientationPortrait UIInterfaceOrientationPortraitUpsideDown UIInterfaceOrientationLandscapeLeft UIInterfaceOrientationLandscapeRight";
				INFOPLIST_KEY_UISupportedInterfaceOrientations_iPhone = "UIInterfaceOrientationPortrait UIInterfaceOrientationLandscapeLeft UIInterfaceOrientationLandscapeRight";
				LD_RUNPATH_SEARCH_PATHS = (
					"$(inherited)",
					"@executable_path/Frameworks",
				);
				MARKETING_VERSION = 1.0;
				PRODUCT_BUNDLE_IDENTIFIER = com.nateCC.ChartPlayground;
				PRODUCT_NAME = "$(TARGET_NAME)";
				SWIFT_EMIT_LOC_STRINGS = YES;
				SWIFT_VERSION = 5.0;
				TARGETED_DEVICE_FAMILY = "1,2";
			};
			name = Debug;
		};
		126DD991288E9EE50004D7A6 /* Release */ = {
			isa = XCBuildConfiguration;
			buildSettings = {
				ASSETCATALOG_COMPILER_APPICON_NAME = AppIcon;
				ASSETCATALOG_COMPILER_GLOBAL_ACCENT_COLOR_NAME = AccentColor;
				CODE_SIGN_STYLE = Automatic;
				CURRENT_PROJECT_VERSION = 1;
				DEVELOPMENT_ASSET_PATHS = "\"ChartPlayground/Preview Content\"";
				DEVELOPMENT_TEAM = 8KBMC7D4CC;
				ENABLE_PREVIEWS = YES;
				ENABLE_TESTING_SEARCH_PATHS = YES;
				GENERATE_INFOPLIST_FILE = YES;
				INFOPLIST_KEY_UIApplicationSceneManifest_Generation = YES;
				INFOPLIST_KEY_UIApplicationSupportsIndirectInputEvents = YES;
				INFOPLIST_KEY_UILaunchScreen_Generation = YES;
				INFOPLIST_KEY_UISupportedInterfaceOrientations_iPad = "UIInterfaceOrientationPortrait UIInterfaceOrientationPortraitUpsideDown UIInterfaceOrientationLandscapeLeft UIInterfaceOrientationLandscapeRight";
				INFOPLIST_KEY_UISupportedInterfaceOrientations_iPhone = "UIInterfaceOrientationPortrait UIInterfaceOrientationLandscapeLeft UIInterfaceOrientationLandscapeRight";
				LD_RUNPATH_SEARCH_PATHS = (
					"$(inherited)",
					"@executable_path/Frameworks",
				);
				MARKETING_VERSION = 1.0;
				PRODUCT_BUNDLE_IDENTIFIER = com.nateCC.ChartPlayground;
				PRODUCT_NAME = "$(TARGET_NAME)";
				SWIFT_EMIT_LOC_STRINGS = YES;
				SWIFT_VERSION = 5.0;
				TARGETED_DEVICE_FAMILY = "1,2";
			};
			name = Release;
		};
		128EA59428905BAB006D4A70 /* Debug */ = {
			isa = XCBuildConfiguration;
			buildSettings = {
				BUNDLE_LOADER = "$(TEST_HOST)";
				CODE_SIGN_STYLE = Automatic;
				CURRENT_PROJECT_VERSION = 1;
				DEVELOPMENT_TEAM = 8KBMC7D4CC;
				GENERATE_INFOPLIST_FILE = YES;
				MARKETING_VERSION = 1.0;
				PRODUCT_BUNDLE_IDENTIFIER = com.nateCC.ChartPlaygroundTests;
				PRODUCT_NAME = "$(TARGET_NAME)";
				SWIFT_EMIT_LOC_STRINGS = NO;
				SWIFT_VERSION = 5.0;
				TARGETED_DEVICE_FAMILY = "1,2";
				TEST_HOST = "$(BUILT_PRODUCTS_DIR)/ChartPlayground.app/ChartPlayground";
			};
			name = Debug;
		};
		128EA59528905BAB006D4A70 /* Release */ = {
			isa = XCBuildConfiguration;
			buildSettings = {
				BUNDLE_LOADER = "$(TEST_HOST)";
				CODE_SIGN_STYLE = Automatic;
				CURRENT_PROJECT_VERSION = 1;
				DEVELOPMENT_TEAM = 8KBMC7D4CC;
				GENERATE_INFOPLIST_FILE = YES;
				MARKETING_VERSION = 1.0;
				PRODUCT_BUNDLE_IDENTIFIER = com.nateCC.ChartPlaygroundTests;
				PRODUCT_NAME = "$(TARGET_NAME)";
				SWIFT_EMIT_LOC_STRINGS = NO;
				SWIFT_VERSION = 5.0;
				TARGETED_DEVICE_FAMILY = "1,2";
				TEST_HOST = "$(BUILT_PRODUCTS_DIR)/ChartPlayground.app/ChartPlayground";
			};
			name = Release;
		};
/* End XCBuildConfiguration section */

/* Begin XCConfigurationList section */
		126DD97C288E9EE30004D7A6 /* Build configuration list for PBXProject "ChartPlayground" */ = {
			isa = XCConfigurationList;
			buildConfigurations = (
				126DD98D288E9EE50004D7A6 /* Debug */,
				126DD98E288E9EE50004D7A6 /* Release */,
			);
			defaultConfigurationIsVisible = 0;
			defaultConfigurationName = Release;
		};
		126DD98F288E9EE50004D7A6 /* Build configuration list for PBXNativeTarget "ChartPlayground" */ = {
			isa = XCConfigurationList;
			buildConfigurations = (
				126DD990288E9EE50004D7A6 /* Debug */,
				126DD991288E9EE50004D7A6 /* Release */,
			);
			defaultConfigurationIsVisible = 0;
			defaultConfigurationName = Release;
		};
		128EA59628905BAB006D4A70 /* Build configuration list for PBXNativeTarget "ChartPlaygroundTests" */ = {
			isa = XCConfigurationList;
			buildConfigurations = (
				128EA59428905BAB006D4A70 /* Debug */,
				128EA59528905BAB006D4A70 /* Release */,
			);
			defaultConfigurationIsVisible = 0;
			defaultConfigurationName = Release;
		};
/* End XCConfigurationList section */
	};
	rootObject = 126DD979288E9EE30004D7A6 /* Project object */;
}
